
Microsoft Visual Studio Solution File, Format Version 12.00
# Visual Studio Version 16
VisualStudioVersion = 16.0.32126.315
MinimumVisualStudioVersion = 10.0.40219.1
Project("{FAE04EC0-301F-11D3-BF4B-00C04F79EFBC}") = "aula2", "aula2\aula2.csproj", "{FDC0A8F9-9E37-459D-88F0-48F876118824}"
EndProject
Global
	GlobalSection(SolutionConfigurationPlatforms) = preSolution
		Debug|Any CPU = Debug|Any CPU
		Release|Any CPU = Release|Any CPU
	EndGlobalSection
	GlobalSection(ProjectConfigurationPlatforms) = postSolution
		{FDC0A8F9-9E37-459D-88F0-48F876118824}.Debug|Any CPU.ActiveCfg = Debug|Any CPU
		{FDC0A8F9-9E37-459D-88F0-48F876118824}.Debug|Any CPU.Build.0 = Debug|Any CPU
		{FDC0A8F9-9E37-459D-88F0-48F876118824}.Release|Any CPU.ActiveCfg = Release|Any CPU
		{FDC0A8F9-9E37-459D-88F0-48F876118824}.Release|Any CPU.Build.0 = Release|Any CPU
	EndGlobalSection
	GlobalSection(SolutionProperties) = preSolution
		HideSolutionNode = FALSE
	EndGlobalSection
	GlobalSection(ExtensibilityGlobals) = postSolution
		SolutionGuid = {4923D127-38A4-4AEC-AF16-05ED03919535}
	EndGlobalSection
EndGlobal
